// !$*UTF8*$!
{
	archiveVersion = 1;
	classes = {
	};
	objectVersion = 46;
	objects = {

/* Begin PBXGroup section */
		E68ED87B15E06C0F0013F6C2 = {
			isa = PBXGroup;
			children = (
			);
			sourceTree = "<group>";
		};
/* End PBXGroup section */

/* Begin PBXProject section */
		E68ED87D15E06C0F0013F6C2 /* Project object */ = {
			isa = PBXProject;
			attributes = {
				LastUpgradeCheck = 0420;
				ORGANIZATIONNAME = Locofilm;
			};
			buildConfigurationList = E68ED88015E06C0F0013F6C2 /* Build configuration list for PBXProject "MOAI-GLFW" */;
			compatibilityVersion = "Xcode 3.2";
			developmentRegion = English;
			hasScannedForEncodings = 0;
			knownRegions = (
				en,
			);
			mainGroup = E68ED87B15E06C0F0013F6C2;
			projectDirPath = "";
			projectRoot = "";
			targets = (
			);
		};
/* End PBXProject section */

/* Begin XCBuildConfiguration section */
		E68ED88215E06C0F0013F6C2 /* Debug */ = {
			isa = XCBuildConfiguration;
			buildSettings = {
			};
			name = Debug;
		};
		E68ED88315E06C0F0013F6C2 /* Release */ = {
			isa = XCBuildConfiguration;
			buildSettings = {
			};
			name = Release;
		};
/* End XCBuildConfiguration section */

/* Begin XCConfigurationList section */
		E68ED88015E06C0F0013F6C2 /* Build configuration list for PBXProject "MOAI-GLFW" */ = {
			isa = XCConfigurationList;
			buildConfigurations = (
				E68ED88215E06C0F0013F6C2 /* Debug */,
				E68ED88315E06C0F0013F6C2 /* Release */,
			);
			defaultConfigurationIsVisible = 0;
			defaultConfigurationName = Release;
		};
/* End XCConfigurationList section */
	};
	rootObject = E68ED87D15E06C0F0013F6C2 /* Project object */;
}
